
Microsoft Visual Studio Solution File, Format Version 12.00
# Visual Studio Version 17
VisualStudioVersion = 17.14.36414.22 d17.14
MinimumVisualStudioVersion = 10.0.40219.1
Project("{8BC9CEB8-8B4A-11D0-8D11-00A0C91BC942}") = "1학년2학기 기말고사 범위 정리", "1학년2학기 기말고사 범위 정리.vcxproj", "{97ED1729-5C53-41DD-940B-4357B0ADC070}"
EndProject
Global
	GlobalSection(SolutionConfigurationPlatforms) = preSolution
		Debug|x64 = Debug|x64
		Debug|x86 = Debug|x86
		Release|x64 = Release|x64
		Release|x86 = Release|x86
	EndGlobalSection
	GlobalSection(ProjectConfigurationPlatforms) = postSolution
		{97ED1729-5C53-41DD-940B-4357B0ADC070}.Debug|x64.ActiveCfg = Debug|x64
		{97ED1729-5C53-41DD-940B-4357B0ADC070}.Debug|x64.Build.0 = Debug|x64
		{97ED1729-5C53-41DD-940B-4357B0ADC070}.Debug|x86.ActiveCfg = Debug|Win32
		{97ED1729-5C53-41DD-940B-4357B0ADC070}.Debug|x86.Build.0 = Debug|Win32
		{97ED1729-5C53-41DD-940B-4357B0ADC070}.Release|x64.ActiveCfg = Release|x64
		{97ED1729-5C53-41DD-940B-4357B0ADC070}.Release|x64.Build.0 = Release|x64
		{97ED1729-5C53-41DD-940B-4357B0ADC070}.Release|x86.ActiveCfg = Release|Win32
		{97ED1729-5C53-41DD-940B-4357B0ADC070}.Release|x86.Build.0 = Release|Win32
	EndGlobalSection
	GlobalSection(SolutionProperties) = preSolution
		HideSolutionNode = FALSE
	EndGlobalSection
	GlobalSection(ExtensibilityGlobals) = postSolution
		SolutionGuid = {A22E81F3-7779-4666-8B53-23772C66DA2E}
	EndGlobalSection
EndGlobal
